// !$*UTF8*$!
{
	archiveVersion = 1;
	classes = {
	};
	objectVersion = 56;
	objects = {

/* Begin PBXBuildFile section */
		F00471A62BDC4C0A004E7DB4 /* Budgetwise_iOS_Coding_ChallengeApp.swift in Sources */ = {isa = PBXBuildFile; fileRef = F00471A52BDC4C0A004E7DB4 /* Budgetwise_iOS_Coding_ChallengeApp.swift */; };
		F00471A82BDC4C0A004E7DB4 /* ContentView.swift in Sources */ = {isa = PBXBuildFile; fileRef = F00471A72BDC4C0A004E7DB4 /* ContentView.swift */; };
		F00471AA2BDC4C0B004E7DB4 /* Assets.xcassets in Resources */ = {isa = PBXBuildFile; fileRef = F00471A92BDC4C0B004E7DB4 /* Assets.xcassets */; };
		F00471AD2BDC4C0B004E7DB4 /* Preview Assets.xcassets in Resources */ = {isa = PBXBuildFile; fileRef = F00471AC2BDC4C0B004E7DB4 /* Preview Assets.xcassets */; };
		F00471B72BDC4C0B004E7DB4 /* Budgetwise_iOS_Coding_ChallengeTests.swift in Sources */ = {isa = PBXBuildFile; fileRef = F00471B62BDC4C0B004E7DB4 /* Budgetwise_iOS_Coding_ChallengeTests.swift */; };
		F00471C12BDC4C0B004E7DB4 /* Budgetwise_iOS_Coding_ChallengeUITests.swift in Sources */ = {isa = PBXBuildFile; fileRef = F00471C02BDC4C0B004E7DB4 /* Budgetwise_iOS_Coding_ChallengeUITests.swift */; };
		F00471C32BDC4C0B004E7DB4 /* Budgetwise_iOS_Coding_ChallengeUITestsLaunchTests.swift in Sources */ = {isa = PBXBuildFile; fileRef = F00471C22BDC4C0B004E7DB4 /* Budgetwise_iOS_Coding_ChallengeUITestsLaunchTests.swift */; };
		F00471D22BDC4E9E004E7DB4 /* TrendsView.swift in Sources */ = {isa = PBXBuildFile; fileRef = F00471D12BDC4E9E004E7DB4 /* TrendsView.swift */; };
		F00471D42BDC4EA7004E7DB4 /* TransactionsView.swift in Sources */ = {isa = PBXBuildFile; fileRef = F00471D32BDC4EA7004E7DB4 /* TransactionsView.swift */; };
		F00471D62BDC4EAE004E7DB4 /* CommunityView.swift in Sources */ = {isa = PBXBuildFile; fileRef = F00471D52BDC4EAE004E7DB4 /* CommunityView.swift */; };
		F00471D82BDC4EBA004E7DB4 /* ProfileView.swift in Sources */ = {isa = PBXBuildFile; fileRef = F00471D72BDC4EBA004E7DB4 /* ProfileView.swift */; };
		F00471DB2BDC4EE1004E7DB4 /* Extensions.swift in Sources */ = {isa = PBXBuildFile; fileRef = F00471DA2BDC4EE1004E7DB4 /* Extensions.swift */; };
		F00471DE2BDC4F26004E7DB4 /* HomeView.swift in Sources */ = {isa = PBXBuildFile; fileRef = F00471DD2BDC4F26004E7DB4 /* HomeView.swift */; };
		F00C3A452BDF6AD8000C9B12 /* BorderCircleOverlayView.swift in Sources */ = {isa = PBXBuildFile; fileRef = F00C3A442BDF6AD8000C9B12 /* BorderCircleOverlayView.swift */; };
		F08F130F2BE04173001AAA06 /* BudgetBreakdownView.swift in Sources */ = {isa = PBXBuildFile; fileRef = F08F130E2BE04173001AAA06 /* BudgetBreakdownView.swift */; };
		F08F13122BE04EBD001AAA06 /* ListItemView.swift in Sources */ = {isa = PBXBuildFile; fileRef = F08F13112BE04EBD001AAA06 /* ListItemView.swift */; };
		F08F131A2BE1C1FF001AAA06 /* ItemModel.swift in Sources */ = {isa = PBXBuildFile; fileRef = F08F13192BE1C1FF001AAA06 /* ItemModel.swift */; };
		F08F131C2BE1C438001AAA06 /* ProgressbarBudgetView.swift in Sources */ = {isa = PBXBuildFile; fileRef = F08F131B2BE1C438001AAA06 /* ProgressbarBudgetView.swift */; };
/* End PBXBuildFile section */

/* Begin PBXContainerItemProxy section */
		F00471B32BDC4C0B004E7DB4 /* PBXContainerItemProxy */ = {
			isa = PBXContainerItemProxy;
			containerPortal = F004719A2BDC4C0A004E7DB4 /* Project object */;
			proxyType = 1;
			remoteGlobalIDString = F00471A12BDC4C0A004E7DB4;
			remoteInfo = "Budgetwise iOS Coding Challenge";
		};
		F00471BD2BDC4C0B004E7DB4 /* PBXContainerItemProxy */ = {
			isa = PBXContainerItemProxy;
			containerPortal = F004719A2BDC4C0A004E7DB4 /* Project object */;
			proxyType = 1;
			remoteGlobalIDString = F00471A12BDC4C0A004E7DB4;
			remoteInfo = "Budgetwise iOS Coding Challenge";
		};
/* End PBXContainerItemProxy section */

/* Begin PBXFileReference section */
		F00471A22BDC4C0A004E7DB4 /* Budgetwise iOS Coding Challenge.app */ = {isa = PBXFileReference; explicitFileType = wrapper.application; includeInIndex = 0; path = "Budgetwise iOS Coding Challenge.app"; sourceTree = BUILT_PRODUCTS_DIR; };
		F00471A52BDC4C0A004E7DB4 /* Budgetwise_iOS_Coding_ChallengeApp.swift */ = {isa = PBXFileReference; lastKnownFileType = sourcecode.swift; path = Budgetwise_iOS_Coding_ChallengeApp.swift; sourceTree = "<group>"; };
		F00471A72BDC4C0A004E7DB4 /* ContentView.swift */ = {isa = PBXFileReference; lastKnownFileType = sourcecode.swift; path = ContentView.swift; sourceTree = "<group>"; };
		F00471A92BDC4C0B004E7DB4 /* Assets.xcassets */ = {isa = PBXFileReference; lastKnownFileType = folder.assetcatalog; path = Assets.xcassets; sourceTree = "<group>"; };
		F00471AC2BDC4C0B004E7DB4 /* Preview Assets.xcassets */ = {isa = PBXFileReference; lastKnownFileType = folder.assetcatalog; path = "Preview Assets.xcassets"; sourceTree = "<group>"; };
		F00471B22BDC4C0B004E7DB4 /* Budgetwise iOS Coding ChallengeTests.xctest */ = {isa = PBXFileReference; explicitFileType = wrapper.cfbundle; includeInIndex = 0; path = "Budgetwise iOS Coding ChallengeTests.xctest"; sourceTree = BUILT_PRODUCTS_DIR; };
		F00471B62BDC4C0B004E7DB4 /* Budgetwise_iOS_Coding_ChallengeTests.swift */ = {isa = PBXFileReference; lastKnownFileType = sourcecode.swift; path = Budgetwise_iOS_Coding_ChallengeTests.swift; sourceTree = "<group>"; };
		F00471BC2BDC4C0B004E7DB4 /* Budgetwise iOS Coding ChallengeUITests.xctest */ = {isa = PBXFileReference; explicitFileType = wrapper.cfbundle; includeInIndex = 0; path = "Budgetwise iOS Coding ChallengeUITests.xctest"; sourceTree = BUILT_PRODUCTS_DIR; };
		F00471C02BDC4C0B004E7DB4 /* Budgetwise_iOS_Coding_ChallengeUITests.swift */ = {isa = PBXFileReference; lastKnownFileType = sourcecode.swift; path = Budgetwise_iOS_Coding_ChallengeUITests.swift; sourceTree = "<group>"; };
		F00471C22BDC4C0B004E7DB4 /* Budgetwise_iOS_Coding_ChallengeUITestsLaunchTests.swift */ = {isa = PBXFileReference; lastKnownFileType = sourcecode.swift; path = Budgetwise_iOS_Coding_ChallengeUITestsLaunchTests.swift; sourceTree = "<group>"; };
		F00471D12BDC4E9E004E7DB4 /* TrendsView.swift */ = {isa = PBXFileReference; lastKnownFileType = sourcecode.swift; path = TrendsView.swift; sourceTree = "<group>"; };
		F00471D32BDC4EA7004E7DB4 /* TransactionsView.swift */ = {isa = PBXFileReference; lastKnownFileType = sourcecode.swift; path = TransactionsView.swift; sourceTree = "<group>"; };
		F00471D52BDC4EAE004E7DB4 /* CommunityView.swift */ = {isa = PBXFileReference; lastKnownFileType = sourcecode.swift; path = CommunityView.swift; sourceTree = "<group>"; };
		F00471D72BDC4EBA004E7DB4 /* ProfileView.swift */ = {isa = PBXFileReference; lastKnownFileType = sourcecode.swift; path = ProfileView.swift; sourceTree = "<group>"; };
		F00471DA2BDC4EE1004E7DB4 /* Extensions.swift */ = {isa = PBXFileReference; lastKnownFileType = sourcecode.swift; path = Extensions.swift; sourceTree = "<group>"; };
		F00471DD2BDC4F26004E7DB4 /* HomeView.swift */ = {isa = PBXFileReference; lastKnownFileType = sourcecode.swift; path = HomeView.swift; sourceTree = "<group>"; };
		F00C3A442BDF6AD8000C9B12 /* BorderCircleOverlayView.swift */ = {isa = PBXFileReference; lastKnownFileType = sourcecode.swift; path = BorderCircleOverlayView.swift; sourceTree = "<group>"; };
		F08F130E2BE04173001AAA06 /* BudgetBreakdownView.swift */ = {isa = PBXFileReference; lastKnownFileType = sourcecode.swift; path = BudgetBreakdownView.swift; sourceTree = "<group>"; };
		F08F13112BE04EBD001AAA06 /* ListItemView.swift */ = {isa = PBXFileReference; lastKnownFileType = sourcecode.swift; path = ListItemView.swift; sourceTree = "<group>"; };
		F08F13192BE1C1FF001AAA06 /* ItemModel.swift */ = {isa = PBXFileReference; lastKnownFileType = sourcecode.swift; path = ItemModel.swift; sourceTree = "<group>"; };
		F08F131B2BE1C438001AAA06 /* ProgressbarBudgetView.swift */ = {isa = PBXFileReference; lastKnownFileType = sourcecode.swift; path = ProgressbarBudgetView.swift; sourceTree = "<group>"; };
/* End PBXFileReference section */

/* Begin PBXFrameworksBuildPhase section */
		F004719F2BDC4C0A004E7DB4 /* Frameworks */ = {
			isa = PBXFrameworksBuildPhase;
			buildActionMask = 2147483647;
			files = (
			);
			runOnlyForDeploymentPostprocessing = 0;
		};
		F00471AF2BDC4C0B004E7DB4 /* Frameworks */ = {
			isa = PBXFrameworksBuildPhase;
			buildActionMask = 2147483647;
			files = (
			);
			runOnlyForDeploymentPostprocessing = 0;
		};
		F00471B92BDC4C0B004E7DB4 /* Frameworks */ = {
			isa = PBXFrameworksBuildPhase;
			buildActionMask = 2147483647;
			files = (
			);
			runOnlyForDeploymentPostprocessing = 0;
		};
/* End PBXFrameworksBuildPhase section */

/* Begin PBXGroup section */
		F00471992BDC4C0A004E7DB4 = {
			isa = PBXGroup;
			children = (
				F00471A42BDC4C0A004E7DB4 /* Budgetwise iOS Coding Challenge */,
				F00471B52BDC4C0B004E7DB4 /* Budgetwise iOS Coding ChallengeTests */,
				F00471BF2BDC4C0B004E7DB4 /* Budgetwise iOS Coding ChallengeUITests */,
				F00471A32BDC4C0A004E7DB4 /* Products */,
			);
			sourceTree = "<group>";
		};
		F00471A32BDC4C0A004E7DB4 /* Products */ = {
			isa = PBXGroup;
			children = (
				F00471A22BDC4C0A004E7DB4 /* Budgetwise iOS Coding Challenge.app */,
				F00471B22BDC4C0B004E7DB4 /* Budgetwise iOS Coding ChallengeTests.xctest */,
				F00471BC2BDC4C0B004E7DB4 /* Budgetwise iOS Coding ChallengeUITests.xctest */,
			);
			name = Products;
			sourceTree = "<group>";
		};
		F00471A42BDC4C0A004E7DB4 /* Budgetwise iOS Coding Challenge */ = {
			isa = PBXGroup;
			children = (
				F00471A52BDC4C0A004E7DB4 /* Budgetwise_iOS_Coding_ChallengeApp.swift */,
				F00471D92BDC4ECF004E7DB4 /* View */,
				F08F13102BE04E44001AAA06 /* SubViews */,
				F00471DC2BDC4EF3004E7DB4 /* Resources */,
				F00471A92BDC4C0B004E7DB4 /* Assets.xcassets */,
				F00471AB2BDC4C0B004E7DB4 /* Preview Content */,
			);
			path = "Budgetwise iOS Coding Challenge";
			sourceTree = "<group>";
		};
		F00471AB2BDC4C0B004E7DB4 /* Preview Content */ = {
			isa = PBXGroup;
			children = (
				F00471AC2BDC4C0B004E7DB4 /* Preview Assets.xcassets */,
			);
			path = "Preview Content";
			sourceTree = "<group>";
		};
		F00471B52BDC4C0B004E7DB4 /* Budgetwise iOS Coding ChallengeTests */ = {
			isa = PBXGroup;
			children = (
				F00471B62BDC4C0B004E7DB4 /* Budgetwise_iOS_Coding_ChallengeTests.swift */,
			);
			path = "Budgetwise iOS Coding ChallengeTests";
			sourceTree = "<group>";
		};
		F00471BF2BDC4C0B004E7DB4 /* Budgetwise iOS Coding ChallengeUITests */ = {
			isa = PBXGroup;
			children = (
				F00471C02BDC4C0B004E7DB4 /* Budgetwise_iOS_Coding_ChallengeUITests.swift */,
				F00471C22BDC4C0B004E7DB4 /* Budgetwise_iOS_Coding_ChallengeUITestsLaunchTests.swift */,
			);
			path = "Budgetwise iOS Coding ChallengeUITests";
			sourceTree = "<group>";
		};
		F00471D92BDC4ECF004E7DB4 /* View */ = {
			isa = PBXGroup;
			children = (
				F00471A72BDC4C0A004E7DB4 /* ContentView.swift */,
				F00471D12BDC4E9E004E7DB4 /* TrendsView.swift */,
				F00471DD2BDC4F26004E7DB4 /* HomeView.swift */,
				F00471D32BDC4EA7004E7DB4 /* TransactionsView.swift */,
				F00471D52BDC4EAE004E7DB4 /* CommunityView.swift */,
				F00471D72BDC4EBA004E7DB4 /* ProfileView.swift */,
			);
			path = View;
			sourceTree = "<group>";
		};
		F00471DC2BDC4EF3004E7DB4 /* Resources */ = {
			isa = PBXGroup;
			children = (
				F00471DA2BDC4EE1004E7DB4 /* Extensions.swift */,
			);
			path = Resources;
			sourceTree = "<group>";
		};
		F08F13102BE04E44001AAA06 /* SubViews */ = {
			isa = PBXGroup;
			children = (
				F08F130E2BE04173001AAA06 /* BudgetBreakdownView.swift */,
				F08F13192BE1C1FF001AAA06 /* ItemModel.swift */,
				F08F13112BE04EBD001AAA06 /* ListItemView.swift */,
				F00C3A442BDF6AD8000C9B12 /* BorderCircleOverlayView.swift */,
				F08F131B2BE1C438001AAA06 /* ProgressbarBudgetView.swift */,
			);
			path = SubViews;
			sourceTree = "<group>";
		};
/* End PBXGroup section */

/* Begin PBXNativeTarget section */
		F00471A12BDC4C0A004E7DB4 /* Budgetwise iOS Coding Challenge */ = {
			isa = PBXNativeTarget;
			buildConfigurationList = F00471C62BDC4C0B004E7DB4 /* Build configuration list for PBXNativeTarget "Budgetwise iOS Coding Challenge" */;
			buildPhases = (
				F004719E2BDC4C0A004E7DB4 /* Sources */,
				F004719F2BDC4C0A004E7DB4 /* Frameworks */,
				F00471A02BDC4C0A004E7DB4 /* Resources */,
			);
			buildRules = (
			);
			dependencies = (
			);
			name = "Budgetwise iOS Coding Challenge";
			productName = "Budgetwise iOS Coding Challenge";
			productReference = F00471A22BDC4C0A004E7DB4 /* Budgetwise iOS Coding Challenge.app */;
			productType = "com.apple.product-type.application";
		};
		F00471B12BDC4C0B004E7DB4 /* Budgetwise iOS Coding ChallengeTests */ = {
			isa = PBXNativeTarget;
			buildConfigurationList = F00471C92BDC4C0B004E7DB4 /* Build configuration list for PBXNativeTarget "Budgetwise iOS Coding ChallengeTests" */;
			buildPhases = (
				F00471AE2BDC4C0B004E7DB4 /* Sources */,
				F00471AF2BDC4C0B004E7DB4 /* Frameworks */,
				F00471B02BDC4C0B004E7DB4 /* Resources */,
			);
			buildRules = (
			);
			dependencies = (
				F00471B42BDC4C0B004E7DB4 /* PBXTargetDependency */,
			);
			name = "Budgetwise iOS Coding ChallengeTests";
			productName = "Budgetwise iOS Coding ChallengeTests";
			productReference = F00471B22BDC4C0B004E7DB4 /* Budgetwise iOS Coding ChallengeTests.xctest */;
			productType = "com.apple.product-type.bundle.unit-test";
		};
		F00471BB2BDC4C0B004E7DB4 /* Budgetwise iOS Coding ChallengeUITests */ = {
			isa = PBXNativeTarget;
			buildConfigurationList = F00471CC2BDC4C0B004E7DB4 /* Build configuration list for PBXNativeTarget "Budgetwise iOS Coding ChallengeUITests" */;
			buildPhases = (
				F00471B82BDC4C0B004E7DB4 /* Sources */,
				F00471B92BDC4C0B004E7DB4 /* Frameworks */,
				F00471BA2BDC4C0B004E7DB4 /* Resources */,
			);
			buildRules = (
			);
			dependencies = (
				F00471BE2BDC4C0B004E7DB4 /* PBXTargetDependency */,
			);
			name = "Budgetwise iOS Coding ChallengeUITests";
			productName = "Budgetwise iOS Coding ChallengeUITests";
			productReference = F00471BC2BDC4C0B004E7DB4 /* Budgetwise iOS Coding ChallengeUITests.xctest */;
			productType = "com.apple.product-type.bundle.ui-testing";
		};
/* End PBXNativeTarget section */

/* Begin PBXProject section */
		F004719A2BDC4C0A004E7DB4 /* Project object */ = {
			isa = PBXProject;
			attributes = {
				BuildIndependentTargetsInParallel = 1;
				LastSwiftUpdateCheck = 1530;
				LastUpgradeCheck = 1530;
				TargetAttributes = {
					F00471A12BDC4C0A004E7DB4 = {
						CreatedOnToolsVersion = 15.3;
					};
					F00471B12BDC4C0B004E7DB4 = {
						CreatedOnToolsVersion = 15.3;
						TestTargetID = F00471A12BDC4C0A004E7DB4;
					};
					F00471BB2BDC4C0B004E7DB4 = {
						CreatedOnToolsVersion = 15.3;
						TestTargetID = F00471A12BDC4C0A004E7DB4;
					};
				};
			};
			buildConfigurationList = F004719D2BDC4C0A004E7DB4 /* Build configuration list for PBXProject "Budgetwise iOS Coding Challenge" */;
			compatibilityVersion = "Xcode 14.0";
			developmentRegion = en;
			hasScannedForEncodings = 0;
			knownRegions = (
				en,
				Base,
			);
			mainGroup = F00471992BDC4C0A004E7DB4;
			productRefGroup = F00471A32BDC4C0A004E7DB4 /* Products */;
			projectDirPath = "";
			projectRoot = "";
			targets = (
				F00471A12BDC4C0A004E7DB4 /* Budgetwise iOS Coding Challenge */,
				F00471B12BDC4C0B004E7DB4 /* Budgetwise iOS Coding ChallengeTests */,
				F00471BB2BDC4C0B004E7DB4 /* Budgetwise iOS Coding ChallengeUITests */,
			);
		};
/* End PBXProject section */

/* Begin PBXResourcesBuildPhase section */
		F00471A02BDC4C0A004E7DB4 /* Resources */ = {
			isa = PBXResourcesBuildPhase;
			buildActionMask = 2147483647;
			files = (
				F00471AD2BDC4C0B004E7DB4 /* Preview Assets.xcassets in Resources */,
				F00471AA2BDC4C0B004E7DB4 /* Assets.xcassets in Resources */,
			);
			runOnlyForDeploymentPostprocessing = 0;
		};
		F00471B02BDC4C0B004E7DB4 /* Resources */ = {
			isa = PBXResourcesBuildPhase;
			buildActionMask = 2147483647;
			files = (
			);
			runOnlyForDeploymentPostprocessing = 0;
		};
		F00471BA2BDC4C0B004E7DB4 /* Resources */ = {
			isa = PBXResourcesBuildPhase;
			buildActionMask = 2147483647;
			files = (
			);
			runOnlyForDeploymentPostprocessing = 0;
		};
/* End PBXResourcesBuildPhase section */

/* Begin PBXSourcesBuildPhase section */
		F004719E2BDC4C0A004E7DB4 /* Sources */ = {
			isa = PBXSourcesBuildPhase;
			buildActionMask = 2147483647;
			files = (
				F00471D42BDC4EA7004E7DB4 /* TransactionsView.swift in Sources */,
				F00471D62BDC4EAE004E7DB4 /* CommunityView.swift in Sources */,
				F00C3A452BDF6AD8000C9B12 /* BorderCircleOverlayView.swift in Sources */,
				F08F131C2BE1C438001AAA06 /* ProgressbarBudgetView.swift in Sources */,
				F08F13122BE04EBD001AAA06 /* ListItemView.swift in Sources */,
				F00471DB2BDC4EE1004E7DB4 /* Extensions.swift in Sources */,
				F00471A82BDC4C0A004E7DB4 /* ContentView.swift in Sources */,
				F08F131A2BE1C1FF001AAA06 /* ItemModel.swift in Sources */,
				F00471D22BDC4E9E004E7DB4 /* TrendsView.swift in Sources */,
				F00471DE2BDC4F26004E7DB4 /* HomeView.swift in Sources */,
				F00471D82BDC4EBA004E7DB4 /* ProfileView.swift in Sources */,
				F00471A62BDC4C0A004E7DB4 /* Budgetwise_iOS_Coding_ChallengeApp.swift in Sources */,
				F08F130F2BE04173001AAA06 /* BudgetBreakdownView.swift in Sources */,
			);
			runOnlyForDeploymentPostprocessing = 0;
		};
		F00471AE2BDC4C0B004E7DB4 /* Sources */ = {
			isa = PBXSourcesBuildPhase;
			buildActionMask = 2147483647;
			files = (
				F00471B72BDC4C0B004E7DB4 /* Budgetwise_iOS_Coding_ChallengeTests.swift in Sources */,
			);
			runOnlyForDeploymentPostprocessing = 0;
		};
		F00471B82BDC4C0B004E7DB4 /* Sources */ = {
			isa = PBXSourcesBuildPhase;
			buildActionMask = 2147483647;
			files = (
				F00471C12BDC4C0B004E7DB4 /* Budgetwise_iOS_Coding_ChallengeUITests.swift in Sources */,
				F00471C32BDC4C0B004E7DB4 /* Budgetwise_iOS_Coding_ChallengeUITestsLaunchTests.swift in Sources */,
			);
			runOnlyForDeploymentPostprocessing = 0;
		};
/* End PBXSourcesBuildPhase section */

/* Begin PBXTargetDependency section */
		F00471B42BDC4C0B004E7DB4 /* PBXTargetDependency */ = {
			isa = PBXTargetDependency;
			target = F00471A12BDC4C0A004E7DB4 /* Budgetwise iOS Coding Challenge */;
			targetProxy = F00471B32BDC4C0B004E7DB4 /* PBXContainerItemProxy */;
		};
		F00471BE2BDC4C0B004E7DB4 /* PBXTargetDependency */ = {
			isa = PBXTargetDependency;
			target = F00471A12BDC4C0A004E7DB4 /* Budgetwise iOS Coding Challenge */;
			targetProxy = F00471BD2BDC4C0B004E7DB4 /* PBXContainerItemProxy */;
		};
/* End PBXTargetDependency section */

/* Begin XCBuildConfiguration section */
		F00471C42BDC4C0B004E7DB4 /* Debug */ = {
			isa = XCBuildConfiguration;
			buildSettings = {
				ALWAYS_SEARCH_USER_PATHS = NO;
				ASSETCATALOG_COMPILER_GENERATE_SWIFT_ASSET_SYMBOL_EXTENSIONS = YES;
				CLANG_ANALYZER_NONNULL = YES;
				CLANG_ANALYZER_NUMBER_OBJECT_CONVERSION = YES_AGGRESSIVE;
				CLANG_CXX_LANGUAGE_STANDARD = "gnu++20";
				CLANG_ENABLE_MODULES = YES;
				CLANG_ENABLE_OBJC_ARC = YES;
				CLANG_ENABLE_OBJC_WEAK = YES;
				CLANG_WARN_BLOCK_CAPTURE_AUTORELEASING = YES;
				CLANG_WARN_BOOL_CONVERSION = YES;
				CLANG_WARN_COMMA = YES;
				CLANG_WARN_CONSTANT_CONVERSION = YES;
				CLANG_WARN_DEPRECATED_OBJC_IMPLEMENTATIONS = YES;
				CLANG_WARN_DIRECT_OBJC_ISA_USAGE = YES_ERROR;
				CLANG_WARN_DOCUMENTATION_COMMENTS = YES;
				CLANG_WARN_EMPTY_BODY = YES;
				CLANG_WARN_ENUM_CONVERSION = YES;
				CLANG_WARN_INFINITE_RECURSION = YES;
				CLANG_WARN_INT_CONVERSION = YES;
				CLANG_WARN_NON_LITERAL_NULL_CONVERSION = YES;
				CLANG_WARN_OBJC_IMPLICIT_RETAIN_SELF = YES;
				CLANG_WARN_OBJC_LITERAL_CONVERSION = YES;
				CLANG_WARN_OBJC_ROOT_CLASS = YES_ERROR;
				CLANG_WARN_QUOTED_INCLUDE_IN_FRAMEWORK_HEADER = YES;
				CLANG_WARN_RANGE_LOOP_ANALYSIS = YES;
				CLANG_WARN_STRICT_PROTOTYPES = YES;
				CLANG_WARN_SUSPICIOUS_MOVE = YES;
				CLANG_WARN_UNGUARDED_AVAILABILITY = YES_AGGRESSIVE;
				CLANG_WARN_UNREACHABLE_CODE = YES;
				CLANG_WARN__DUPLICATE_METHOD_MATCH = YES;
				COPY_PHASE_STRIP = NO;
				DEBUG_INFORMATION_FORMAT = dwarf;
				ENABLE_STRICT_OBJC_MSGSEND = YES;
				ENABLE_TESTABILITY = YES;
				ENABLE_USER_SCRIPT_SANDBOXING = YES;
				GCC_C_LANGUAGE_STANDARD = gnu17;
				GCC_DYNAMIC_NO_PIC = NO;
				GCC_NO_COMMON_BLOCKS = YES;
				GCC_OPTIMIZATION_LEVEL = 0;
				GCC_PREPROCESSOR_DEFINITIONS = (
					"DEBUG=1",
					"$(inherited)",
				);
				GCC_WARN_64_TO_32_BIT_CONVERSION = YES;
				GCC_WARN_ABOUT_RETURN_TYPE = YES_ERROR;
				GCC_WARN_UNDECLARED_SELECTOR = YES;
				GCC_WARN_UNINITIALIZED_AUTOS = YES_AGGRESSIVE;
				GCC_WARN_UNUSED_FUNCTION = YES;
				GCC_WARN_UNUSED_VARIABLE = YES;
				IPHONEOS_DEPLOYMENT_TARGET = 17.4;
				LOCALIZATION_PREFERS_STRING_CATALOGS = YES;
				MTL_ENABLE_DEBUG_INFO = INCLUDE_SOURCE;
				MTL_FAST_MATH = YES;
				ONLY_ACTIVE_ARCH = YES;
				SDKROOT = iphoneos;
				SWIFT_ACTIVE_COMPILATION_CONDITIONS = "DEBUG $(inherited)";
				SWIFT_OPTIMIZATION_LEVEL = "-Onone";
			};
			name = Debug;
		};
		F00471C52BDC4C0B004E7DB4 /* Release */ = {
			isa = XCBuildConfiguration;
			buildSettings = {
				ALWAYS_SEARCH_USER_PATHS = NO;
				ASSETCATALOG_COMPILER_GENERATE_SWIFT_ASSET_SYMBOL_EXTENSIONS = YES;
				CLANG_ANALYZER_NONNULL = YES;
				CLANG_ANALYZER_NUMBER_OBJECT_CONVERSION = YES_AGGRESSIVE;
				CLANG_CXX_LANGUAGE_STANDARD = "gnu++20";
				CLANG_ENABLE_MODULES = YES;
				CLANG_ENABLE_OBJC_ARC = YES;
				CLANG_ENABLE_OBJC_WEAK = YES;
				CLANG_WARN_BLOCK_CAPTURE_AUTORELEASING = YES;
				CLANG_WARN_BOOL_CONVERSION = YES;
				CLANG_WARN_COMMA = YES;
				CLANG_WARN_CONSTANT_CONVERSION = YES;
				CLANG_WARN_DEPRECATED_OBJC_IMPLEMENTATIONS = YES;
				CLANG_WARN_DIRECT_OBJC_ISA_USAGE = YES_ERROR;
				CLANG_WARN_DOCUMENTATION_COMMENTS = YES;
				CLANG_WARN_EMPTY_BODY = YES;
				CLANG_WARN_ENUM_CONVERSION = YES;
				CLANG_WARN_INFINITE_RECURSION = YES;
				CLANG_WARN_INT_CONVERSION = YES;
				CLANG_WARN_NON_LITERAL_NULL_CONVERSION = YES;
				CLANG_WARN_OBJC_IMPLICIT_RETAIN_SELF = YES;
				CLANG_WARN_OBJC_LITERAL_CONVERSION = YES;
				CLANG_WARN_OBJC_ROOT_CLASS = YES_ERROR;
				CLANG_WARN_QUOTED_INCLUDE_IN_FRAMEWORK_HEADER = YES;
				CLANG_WARN_RANGE_LOOP_ANALYSIS = YES;
				CLANG_WARN_STRICT_PROTOTYPES = YES;
				CLANG_WARN_SUSPICIOUS_MOVE = YES;
				CLANG_WARN_UNGUARDED_AVAILABILITY = YES_AGGRESSIVE;
				CLANG_WARN_UNREACHABLE_CODE = YES;
				CLANG_WARN__DUPLICATE_METHOD_MATCH = YES;
				COPY_PHASE_STRIP = NO;
				DEBUG_INFORMATION_FORMAT = "dwarf-with-dsym";
				ENABLE_NS_ASSERTIONS = NO;
				ENABLE_STRICT_OBJC_MSGSEND = YES;
				ENABLE_USER_SCRIPT_SANDBOXING = YES;
				GCC_C_LANGUAGE_STANDARD = gnu17;
				GCC_NO_COMMON_BLOCKS = YES;
				GCC_WARN_64_TO_32_BIT_CONVERSION = YES;
				GCC_WARN_ABOUT_RETURN_TYPE = YES_ERROR;
				GCC_WARN_UNDECLARED_SELECTOR = YES;
				GCC_WARN_UNINITIALIZED_AUTOS = YES_AGGRESSIVE;
				GCC_WARN_UNUSED_FUNCTION = YES;
				GCC_WARN_UNUSED_VARIABLE = YES;
				IPHONEOS_DEPLOYMENT_TARGET = 17.4;
				LOCALIZATION_PREFERS_STRING_CATALOGS = YES;
				MTL_ENABLE_DEBUG_INFO = NO;
				MTL_FAST_MATH = YES;
				SDKROOT = iphoneos;
				SWIFT_COMPILATION_MODE = wholemodule;
				VALIDATE_PRODUCT = YES;
			};
			name = Release;
		};
		F00471C72BDC4C0B004E7DB4 /* Debug */ = {
			isa = XCBuildConfiguration;
			buildSettings = {
				ASSETCATALOG_COMPILER_APPICON_NAME = AppIcon;
				ASSETCATALOG_COMPILER_GLOBAL_ACCENT_COLOR_NAME = AccentColor;
				CODE_SIGN_STYLE = Automatic;
				CURRENT_PROJECT_VERSION = 1;
				DEVELOPMENT_ASSET_PATHS = "\"Budgetwise iOS Coding Challenge/Preview Content\"";
				ENABLE_PREVIEWS = YES;
				GENERATE_INFOPLIST_FILE = YES;
				INFOPLIST_KEY_UIApplicationSceneManifest_Generation = YES;
				INFOPLIST_KEY_UIApplicationSupportsIndirectInputEvents = YES;
				INFOPLIST_KEY_UILaunchScreen_Generation = YES;
				INFOPLIST_KEY_UISupportedInterfaceOrientations_iPad = "UIInterfaceOrientationPortrait UIInterfaceOrientationPortraitUpsideDown UIInterfaceOrientationLandscapeLeft UIInterfaceOrientationLandscapeRight";
				INFOPLIST_KEY_UISupportedInterfaceOrientations_iPhone = "UIInterfaceOrientationPortrait UIInterfaceOrientationLandscapeLeft UIInterfaceOrientationLandscapeRight";
				LD_RUNPATH_SEARCH_PATHS = (
					"$(inherited)",
					"@executable_path/Frameworks",
				);
				MARKETING_VERSION = 1.0;
				PRODUCT_BUNDLE_IDENTIFIER = "com.rachitpti.Budgetwise-iOS-Coding-Challenge";
				PRODUCT_NAME = "$(TARGET_NAME)";
				SWIFT_EMIT_LOC_STRINGS = YES;
				SWIFT_VERSION = 5.0;
				TARGETED_DEVICE_FAMILY = "1,2";
			};
			name = Debug;
		};
		F00471C82BDC4C0B004E7DB4 /* Release */ = {
			isa = XCBuildConfiguration;
			buildSettings = {
				ASSETCATALOG_COMPILER_APPICON_NAME = AppIcon;
				ASSETCATALOG_COMPILER_GLOBAL_ACCENT_COLOR_NAME = AccentColor;
				CODE_SIGN_STYLE = Automatic;
				CURRENT_PROJECT_VERSION = 1;
				DEVELOPMENT_ASSET_PATHS = "\"Budgetwise iOS Coding Challenge/Preview Content\"";
				ENABLE_PREVIEWS = YES;
				GENERATE_INFOPLIST_FILE = YES;
				INFOPLIST_KEY_UIApplicationSceneManifest_Generation = YES;
				INFOPLIST_KEY_UIApplicationSupportsIndirectInputEvents = YES;
				INFOPLIST_KEY_UILaunchScreen_Generation = YES;
				INFOPLIST_KEY_UISupportedInterfaceOrientations_iPad = "UIInterfaceOrientationPortrait UIInterfaceOrientationPortraitUpsideDown UIInterfaceOrientationLandscapeLeft UIInterfaceOrientationLandscapeRight";
				INFOPLIST_KEY_UISupportedInterfaceOrientations_iPhone = "UIInterfaceOrientationPortrait UIInterfaceOrientationLandscapeLeft UIInterfaceOrientationLandscapeRight";
				LD_RUNPATH_SEARCH_PATHS = (
					"$(inherited)",
					"@executable_path/Frameworks",
				);
				MARKETING_VERSION = 1.0;
				PRODUCT_BUNDLE_IDENTIFIER = "com.rachitpti.Budgetwise-iOS-Coding-Challenge";
				PRODUCT_NAME = "$(TARGET_NAME)";
				SWIFT_EMIT_LOC_STRINGS = YES;
				SWIFT_VERSION = 5.0;
				TARGETED_DEVICE_FAMILY = "1,2";
			};
			name = Release;
		};
		F00471CA2BDC4C0B004E7DB4 /* Debug */ = {
			isa = XCBuildConfiguration;
			buildSettings = {
				ALWAYS_EMBED_SWIFT_STANDARD_LIBRARIES = YES;
				BUNDLE_LOADER = "$(TEST_HOST)";
				CODE_SIGN_STYLE = Automatic;
				CURRENT_PROJECT_VERSION = 1;
				GENERATE_INFOPLIST_FILE = YES;
				IPHONEOS_DEPLOYMENT_TARGET = 17.4;
				MARKETING_VERSION = 1.0;
				PRODUCT_BUNDLE_IDENTIFIER = "com.rachitpti.Budgetwise-iOS-Coding-ChallengeTests";
				PRODUCT_NAME = "$(TARGET_NAME)";
				SWIFT_EMIT_LOC_STRINGS = NO;
				SWIFT_VERSION = 5.0;
				TARGETED_DEVICE_FAMILY = "1,2";
				TEST_HOST = "$(BUILT_PRODUCTS_DIR)/Budgetwise iOS Coding Challenge.app/$(BUNDLE_EXECUTABLE_FOLDER_PATH)/Budgetwise iOS Coding Challenge";
			};
			name = Debug;
		};
		F00471CB2BDC4C0B004E7DB4 /* Release */ = {
			isa = XCBuildConfiguration;
			buildSettings = {
				ALWAYS_EMBED_SWIFT_STANDARD_LIBRARIES = YES;
				BUNDLE_LOADER = "$(TEST_HOST)";
				CODE_SIGN_STYLE = Automatic;
				CURRENT_PROJECT_VERSION = 1;
				GENERATE_INFOPLIST_FILE = YES;
				IPHONEOS_DEPLOYMENT_TARGET = 17.4;
				MARKETING_VERSION = 1.0;
				PRODUCT_BUNDLE_IDENTIFIER = "com.rachitpti.Budgetwise-iOS-Coding-ChallengeTests";
				PRODUCT_NAME = "$(TARGET_NAME)";
				SWIFT_EMIT_LOC_STRINGS = NO;
				SWIFT_VERSION = 5.0;
				TARGETED_DEVICE_FAMILY = "1,2";
				TEST_HOST = "$(BUILT_PRODUCTS_DIR)/Budgetwise iOS Coding Challenge.app/$(BUNDLE_EXECUTABLE_FOLDER_PATH)/Budgetwise iOS Coding Challenge";
			};
			name = Release;
		};
		F00471CD2BDC4C0B004E7DB4 /* Debug */ = {
			isa = XCBuildConfiguration;
			buildSettings = {
				ALWAYS_EMBED_SWIFT_STANDARD_LIBRARIES = YES;
				CODE_SIGN_STYLE = Automatic;
				CURRENT_PROJECT_VERSION = 1;
				GENERATE_INFOPLIST_FILE = YES;
				MARKETING_VERSION = 1.0;
				PRODUCT_BUNDLE_IDENTIFIER = "com.rachitpti.Budgetwise-iOS-Coding-ChallengeUITests";
				PRODUCT_NAME = "$(TARGET_NAME)";
				SWIFT_EMIT_LOC_STRINGS = NO;
				SWIFT_VERSION = 5.0;
				TARGETED_DEVICE_FAMILY = "1,2";
				TEST_TARGET_NAME = "Budgetwise iOS Coding Challenge";
			};
			name = Debug;
		};
		F00471CE2BDC4C0B004E7DB4 /* Release */ = {
			isa = XCBuildConfiguration;
			buildSettings = {
				ALWAYS_EMBED_SWIFT_STANDARD_LIBRARIES = YES;
				CODE_SIGN_STYLE = Automatic;
				CURRENT_PROJECT_VERSION = 1;
				GENERATE_INFOPLIST_FILE = YES;
				MARKETING_VERSION = 1.0;
				PRODUCT_BUNDLE_IDENTIFIER = "com.rachitpti.Budgetwise-iOS-Coding-ChallengeUITests";
				PRODUCT_NAME = "$(TARGET_NAME)";
				SWIFT_EMIT_LOC_STRINGS = NO;
				SWIFT_VERSION = 5.0;
				TARGETED_DEVICE_FAMILY = "1,2";
				TEST_TARGET_NAME = "Budgetwise iOS Coding Challenge";
			};
			name = Release;
		};
/* End XCBuildConfiguration section */

/* Begin XCConfigurationList section */
		F004719D2BDC4C0A004E7DB4 /* Build configuration list for PBXProject "Budgetwise iOS Coding Challenge" */ = {
			isa = XCConfigurationList;
			buildConfigurations = (
				F00471C42BDC4C0B004E7DB4 /* Debug */,
				F00471C52BDC4C0B004E7DB4 /* Release */,
			);
			defaultConfigurationIsVisible = 0;
			defaultConfigurationName = Release;
		};
		F00471C62BDC4C0B004E7DB4 /* Build configuration list for PBXNativeTarget "Budgetwise iOS Coding Challenge" */ = {
			isa = XCConfigurationList;
			buildConfigurations = (
				F00471C72BDC4C0B004E7DB4 /* Debug */,
				F00471C82BDC4C0B004E7DB4 /* Release */,
			);
			defaultConfigurationIsVisible = 0;
			defaultConfigurationName = Release;
		};
		F00471C92BDC4C0B004E7DB4 /* Build configuration list for PBXNativeTarget "Budgetwise iOS Coding ChallengeTests" */ = {
			isa = XCConfigurationList;
			buildConfigurations = (
				F00471CA2BDC4C0B004E7DB4 /* Debug */,
				F00471CB2BDC4C0B004E7DB4 /* Release */,
			);
			defaultConfigurationIsVisible = 0;
			defaultConfigurationName = Release;
		};
		F00471CC2BDC4C0B004E7DB4 /* Build configuration list for PBXNativeTarget "Budgetwise iOS Coding ChallengeUITests" */ = {
			isa = XCConfigurationList;
			buildConfigurations = (
				F00471CD2BDC4C0B004E7DB4 /* Debug */,
				F00471CE2BDC4C0B004E7DB4 /* Release */,
			);
			defaultConfigurationIsVisible = 0;
			defaultConfigurationName = Release;
		};
/* End XCConfigurationList section */
	};
	rootObject = F004719A2BDC4C0A004E7DB4 /* Project object */;
}
